
Microsoft Visual Studio Solution File, Format Version 12.00
# Visual Studio Version 16
VisualStudioVersion = 16.0.30907.101
MinimumVisualStudioVersion = 10.0.40219.1
Project("{FAE04EC0-301F-11D3-BF4B-00C04F79EFBC}") = "Teste", "Teste\Teste.csproj", "{8510AD04-DBBC-475B-8C88-B9A3AE5ACA3E}"
EndProject
Global
	GlobalSection(SolutionConfigurationPlatforms) = preSolution
		Debug|Any CPU = Debug|Any CPU
		Release|Any CPU = Release|Any CPU
	EndGlobalSection
	GlobalSection(ProjectConfigurationPlatforms) = postSolution
		{8510AD04-DBBC-475B-8C88-B9A3AE5ACA3E}.Debug|Any CPU.ActiveCfg = Debug|Any CPU
		{8510AD04-DBBC-475B-8C88-B9A3AE5ACA3E}.Debug|Any CPU.Build.0 = Debug|Any CPU
		{8510AD04-DBBC-475B-8C88-B9A3AE5ACA3E}.Release|Any CPU.ActiveCfg = Release|Any CPU
		{8510AD04-DBBC-475B-8C88-B9A3AE5ACA3E}.Release|Any CPU.Build.0 = Release|Any CPU
	EndGlobalSection
	GlobalSection(SolutionProperties) = preSolution
		HideSolutionNode = FALSE
	EndGlobalSection
	GlobalSection(ExtensibilityGlobals) = postSolution
		SolutionGuid = {3D1ED46A-238E-4849-B76B-89044EBCC4A7}
	EndGlobalSection
EndGlobal
